
Microsoft Visual Studio Solution File, Format Version 12.00
# Visual Studio 15
VisualStudioVersion = 15.0.28307.1758
MinimumVisualStudioVersion = 10.0.40219.1
Project("{FAE04EC0-301F-11D3-BF4B-00C04F79EFBC}") = "EmployeDetails", "EmployeDetails\EmployeDetails.csproj", "{7D05587A-36EB-496E-B654-72C5F6881AC1}"
EndProject
Global
	GlobalSection(SolutionConfigurationPlatforms) = preSolution
		Debug|Any CPU = Debug|Any CPU
		Release|Any CPU = Release|Any CPU
	EndGlobalSection
	GlobalSection(ProjectConfigurationPlatforms) = postSolution
		{7D05587A-36EB-496E-B654-72C5F6881AC1}.Debug|Any CPU.ActiveCfg = Debug|Any CPU
		{7D05587A-36EB-496E-B654-72C5F6881AC1}.Debug|Any CPU.Build.0 = Debug|Any CPU
		{7D05587A-36EB-496E-B654-72C5F6881AC1}.Release|Any CPU.ActiveCfg = Release|Any CPU
		{7D05587A-36EB-496E-B654-72C5F6881AC1}.Release|Any CPU.Build.0 = Release|Any CPU
	EndGlobalSection
	GlobalSection(SolutionProperties) = preSolution
		HideSolutionNode = FALSE
	EndGlobalSection
	GlobalSection(ExtensibilityGlobals) = postSolution
		SolutionGuid = {36FDC434-E528-46DD-B29F-6FED40AEC404}
	EndGlobalSection
EndGlobal
